
Microsoft Visual Studio Solution File, Format Version 12.00
# Visual Studio Version 16
VisualStudioVersion = 16.0.34301.259
MinimumVisualStudioVersion = 10.0.40219.1
Project("{2150E333-8FDC-42A3-9474-1A3956D46DE8}") = "Task0", "Task0", "{5BAD5FD3-383C-453E-A643-EFF2F3F3CE4E}"
EndProject
Project("{FAE04EC0-301F-11D3-BF4B-00C04F79EFBC}") = "Tyuiu.CherepanovVS.Sprint5.Task0.V13", "Tyuiu.CherepanovVS.Sprint5.Task0.V13\Tyuiu.CherepanovVS.Sprint5.Task0.V13.csproj", "{FA00C17A-7221-401D-861D-CD499D86ED1E}"
EndProject
Project("{FAE04EC0-301F-11D3-BF4B-00C04F79EFBC}") = "Tyuiu.CherepanovVS.Sprint5.Task0.V13.Lib", "Tyuiu.CherepanovVS.Sprint5.Task0.V13.Lib\Tyuiu.CherepanovVS.Sprint5.Task0.V13.Lib.csproj", "{2E107B05-B07E-4A92-908B-E78B860EBC78}"
EndProject
Project("{FAE04EC0-301F-11D3-BF4B-00C04F79EFBC}") = "Tyuiu.CherepanovVS.Sprint5.Task0.V13.Test", "Tyuiu.CherepanovVS.Sprint5.Task0.V13.Test\Tyuiu.CherepanovVS.Sprint5.Task0.V13.Test.csproj", "{88A3B404-6B05-4F76-AE88-AD69F5C30B17}"
EndProject
Project("{2150E333-8FDC-42A3-9474-1A3956D46DE8}") = "Task1", "Task1", "{64B4DDF1-F3BA-4D3C-B1B9-A646620A5E13}"
EndProject
Project("{FAE04EC0-301F-11D3-BF4B-00C04F79EFBC}") = "Tyuiu.CherepanovVS.Sprint5.Task1.V15", "Tyuiu.CherepanovVS.Sprint5.Task1.V15\Tyuiu.CherepanovVS.Sprint5.Task1.V15.csproj", "{2686980A-9B2C-49C3-9E68-F0F1B1365049}"
EndProject
Project("{FAE04EC0-301F-11D3-BF4B-00C04F79EFBC}") = "Tyuiu.CherepanovVS.Sprint5.Task1.V15.Test", "Tyuiu.CherepanovVS.Sprint5.Task1.V15.Test\Tyuiu.CherepanovVS.Sprint5.Task1.V15.Test.csproj", "{FDE5AB6D-4A43-4E29-A09E-56C2D4B62283}"
EndProject
Project("{FAE04EC0-301F-11D3-BF4B-00C04F79EFBC}") = "Tyuiu.CherepanovVS.Sprint5.Task1.V15.Lib", "Tyuiu.CherepanovVS.Sprint5.Task1.V15.Lib\Tyuiu.CherepanovVS.Sprint5.Task1.V15.Lib.csproj", "{5EB98643-E082-4F9C-9CCD-6AA65D36338A}"
EndProject
Global
	GlobalSection(SolutionConfigurationPlatforms) = preSolution
		Debug|Any CPU = Debug|Any CPU
		Release|Any CPU = Release|Any CPU
	EndGlobalSection
	GlobalSection(ProjectConfigurationPlatforms) = postSolution
		{FA00C17A-7221-401D-861D-CD499D86ED1E}.Debug|Any CPU.ActiveCfg = Debug|Any CPU
		{FA00C17A-7221-401D-861D-CD499D86ED1E}.Debug|Any CPU.Build.0 = Debug|Any CPU
		{FA00C17A-7221-401D-861D-CD499D86ED1E}.Release|Any CPU.ActiveCfg = Release|Any CPU
		{FA00C17A-7221-401D-861D-CD499D86ED1E}.Release|Any CPU.Build.0 = Release|Any CPU
		{2E107B05-B07E-4A92-908B-E78B860EBC78}.Debug|Any CPU.ActiveCfg = Debug|Any CPU
		{2E107B05-B07E-4A92-908B-E78B860EBC78}.Debug|Any CPU.Build.0 = Debug|Any CPU
		{2E107B05-B07E-4A92-908B-E78B860EBC78}.Release|Any CPU.ActiveCfg = Release|Any CPU
		{2E107B05-B07E-4A92-908B-E78B860EBC78}.Release|Any CPU.Build.0 = Release|Any CPU
		{88A3B404-6B05-4F76-AE88-AD69F5C30B17}.Debug|Any CPU.ActiveCfg = Debug|Any CPU
		{88A3B404-6B05-4F76-AE88-AD69F5C30B17}.Debug|Any CPU.Build.0 = Debug|Any CPU
		{88A3B404-6B05-4F76-AE88-AD69F5C30B17}.Release|Any CPU.ActiveCfg = Release|Any CPU
		{88A3B404-6B05-4F76-AE88-AD69F5C30B17}.Release|Any CPU.Build.0 = Release|Any CPU
		{2686980A-9B2C-49C3-9E68-F0F1B1365049}.Debug|Any CPU.ActiveCfg = Debug|Any CPU
		{2686980A-9B2C-49C3-9E68-F0F1B1365049}.Debug|Any CPU.Build.0 = Debug|Any CPU
		{2686980A-9B2C-49C3-9E68-F0F1B1365049}.Release|Any CPU.ActiveCfg = Release|Any CPU
		{2686980A-9B2C-49C3-9E68-F0F1B1365049}.Release|Any CPU.Build.0 = Release|Any CPU
		{FDE5AB6D-4A43-4E29-A09E-56C2D4B62283}.Debug|Any CPU.ActiveCfg = Debug|Any CPU
		{FDE5AB6D-4A43-4E29-A09E-56C2D4B62283}.Debug|Any CPU.Build.0 = Debug|Any CPU
		{FDE5AB6D-4A43-4E29-A09E-56C2D4B62283}.Release|Any CPU.ActiveCfg = Release|Any CPU
		{FDE5AB6D-4A43-4E29-A09E-56C2D4B62283}.Release|Any CPU.Build.0 = Release|Any CPU
		{5EB98643-E082-4F9C-9CCD-6AA65D36338A}.Debug|Any CPU.ActiveCfg = Debug|Any CPU
		{5EB98643-E082-4F9C-9CCD-6AA65D36338A}.Debug|Any CPU.Build.0 = Debug|Any CPU
		{5EB98643-E082-4F9C-9CCD-6AA65D36338A}.Release|Any CPU.ActiveCfg = Release|Any CPU
		{5EB98643-E082-4F9C-9CCD-6AA65D36338A}.Release|Any CPU.Build.0 = Release|Any CPU
	EndGlobalSection
	GlobalSection(SolutionProperties) = preSolution
		HideSolutionNode = FALSE
	EndGlobalSection
	GlobalSection(NestedProjects) = preSolution
		{FA00C17A-7221-401D-861D-CD499D86ED1E} = {5BAD5FD3-383C-453E-A643-EFF2F3F3CE4E}
		{2E107B05-B07E-4A92-908B-E78B860EBC78} = {5BAD5FD3-383C-453E-A643-EFF2F3F3CE4E}
		{88A3B404-6B05-4F76-AE88-AD69F5C30B17} = {5BAD5FD3-383C-453E-A643-EFF2F3F3CE4E}
		{2686980A-9B2C-49C3-9E68-F0F1B1365049} = {64B4DDF1-F3BA-4D3C-B1B9-A646620A5E13}
		{FDE5AB6D-4A43-4E29-A09E-56C2D4B62283} = {64B4DDF1-F3BA-4D3C-B1B9-A646620A5E13}
		{5EB98643-E082-4F9C-9CCD-6AA65D36338A} = {64B4DDF1-F3BA-4D3C-B1B9-A646620A5E13}
	EndGlobalSection
	GlobalSection(ExtensibilityGlobals) = postSolution
		SolutionGuid = {7B4AFEDB-3755-47E7-AD5F-E89AAE81A715}
	EndGlobalSection
EndGlobal
